
Microsoft Visual Studio Solution File, Format Version 12.00
# Visual Studio Version 17
VisualStudioVersion = 17.3.32929.385
MinimumVisualStudioVersion = 10.0.40219.1
Project("{9A19103F-16F7-4668-BE54-9A1E7A4F7556}") = "Task1", "Dastan Coding Tasks\Task1.csproj", "{4F35A859-E97B-4975-B616-BD03EB73B6A2}"
EndProject
Project("{9A19103F-16F7-4668-BE54-9A1E7A4F7556}") = "Task2", "Task2\Task2.csproj", "{12962B23-9201-47F5-943D-44C76C7CF648}"
EndProject
Project("{9A19103F-16F7-4668-BE54-9A1E7A4F7556}") = "Task3", "Task3\Task3.csproj", "{4E801ABE-A72A-4943-A201-FEFBE986EE12}"
EndProject
Project("{9A19103F-16F7-4668-BE54-9A1E7A4F7556}") = "Task4", "Task4\Task4.csproj", "{941FF30F-0C76-485C-BE65-3551B0BDAA89}"
EndProject
Project("{9A19103F-16F7-4668-BE54-9A1E7A4F7556}") = "Task 6", "Task 6\Task 6.csproj", "{40E9D28D-28A9-4A53-B737-490DED843A8E}"
EndProject
Project("{9A19103F-16F7-4668-BE54-9A1E7A4F7556}") = "Task 5", "Task 5\Task 5.csproj", "{42EAC7CD-44B2-47BA-91FF-7B487C801B5C}"
EndProject
Project("{9A19103F-16F7-4668-BE54-9A1E7A4F7556}") = "Task 7", "Task 7\Task 7.csproj", "{4E15F80B-84CB-477B-A0D4-0A0A5F748393}"
EndProject
Project("{9A19103F-16F7-4668-BE54-9A1E7A4F7556}") = "Task 8", "Task 8\Task 8.csproj", "{4AB6DA5E-0AA8-4AB1-BC29-E97E33D5A32A}"
EndProject
Project("{9A19103F-16F7-4668-BE54-9A1E7A4F7556}") = "Task 9", "Task 9\Task 9.csproj", "{4A51A539-501D-4B16-8319-76A8F5FB2EB2}"
EndProject
Project("{9A19103F-16F7-4668-BE54-9A1E7A4F7556}") = "Task 10", "Task 10\Task 10.csproj", "{C88187C1-8300-45C4-885D-25AC044DF3DE}"
EndProject
Project("{FAE04EC0-301F-11D3-BF4B-00C04F79EFBC}") = "Task 11", "Task 11\Task 11.csproj", "{D8D68EBF-CCC2-48F7-965E-782F9DEBEB19}"
EndProject
Project("{FAE04EC0-301F-11D3-BF4B-00C04F79EFBC}") = "Task 12", "Task 12\Task 12.csproj", "{ED38B2EB-0E0D-4B40-8662-4A1B84A45C1C}"
EndProject
Global
	GlobalSection(SolutionConfigurationPlatforms) = preSolution
		Debug|Any CPU = Debug|Any CPU
		Release|Any CPU = Release|Any CPU
	EndGlobalSection
	GlobalSection(ProjectConfigurationPlatforms) = postSolution
		{4F35A859-E97B-4975-B616-BD03EB73B6A2}.Debug|Any CPU.ActiveCfg = Debug|Any CPU
		{4F35A859-E97B-4975-B616-BD03EB73B6A2}.Debug|Any CPU.Build.0 = Debug|Any CPU
		{4F35A859-E97B-4975-B616-BD03EB73B6A2}.Release|Any CPU.ActiveCfg = Release|Any CPU
		{4F35A859-E97B-4975-B616-BD03EB73B6A2}.Release|Any CPU.Build.0 = Release|Any CPU
		{12962B23-9201-47F5-943D-44C76C7CF648}.Debug|Any CPU.ActiveCfg = Debug|Any CPU
		{12962B23-9201-47F5-943D-44C76C7CF648}.Debug|Any CPU.Build.0 = Debug|Any CPU
		{12962B23-9201-47F5-943D-44C76C7CF648}.Release|Any CPU.ActiveCfg = Release|Any CPU
		{12962B23-9201-47F5-943D-44C76C7CF648}.Release|Any CPU.Build.0 = Release|Any CPU
		{4E801ABE-A72A-4943-A201-FEFBE986EE12}.Debug|Any CPU.ActiveCfg = Debug|Any CPU
		{4E801ABE-A72A-4943-A201-FEFBE986EE12}.Debug|Any CPU.Build.0 = Debug|Any CPU
		{4E801ABE-A72A-4943-A201-FEFBE986EE12}.Release|Any CPU.ActiveCfg = Release|Any CPU
		{4E801ABE-A72A-4943-A201-FEFBE986EE12}.Release|Any CPU.Build.0 = Release|Any CPU
		{941FF30F-0C76-485C-BE65-3551B0BDAA89}.Debug|Any CPU.ActiveCfg = Debug|Any CPU
		{941FF30F-0C76-485C-BE65-3551B0BDAA89}.Debug|Any CPU.Build.0 = Debug|Any CPU
		{941FF30F-0C76-485C-BE65-3551B0BDAA89}.Release|Any CPU.ActiveCfg = Release|Any CPU
		{941FF30F-0C76-485C-BE65-3551B0BDAA89}.Release|Any CPU.Build.0 = Release|Any CPU
		{40E9D28D-28A9-4A53-B737-490DED843A8E}.Debug|Any CPU.ActiveCfg = Debug|Any CPU
		{40E9D28D-28A9-4A53-B737-490DED843A8E}.Debug|Any CPU.Build.0 = Debug|Any CPU
		{40E9D28D-28A9-4A53-B737-490DED843A8E}.Release|Any CPU.ActiveCfg = Release|Any CPU
		{40E9D28D-28A9-4A53-B737-490DED843A8E}.Release|Any CPU.Build.0 = Release|Any CPU
		{42EAC7CD-44B2-47BA-91FF-7B487C801B5C}.Debug|Any CPU.ActiveCfg = Debug|Any CPU
		{42EAC7CD-44B2-47BA-91FF-7B487C801B5C}.Debug|Any CPU.Build.0 = Debug|Any CPU
		{42EAC7CD-44B2-47BA-91FF-7B487C801B5C}.Release|Any CPU.ActiveCfg = Release|Any CPU
		{42EAC7CD-44B2-47BA-91FF-7B487C801B5C}.Release|Any CPU.Build.0 = Release|Any CPU
		{4E15F80B-84CB-477B-A0D4-0A0A5F748393}.Debug|Any CPU.ActiveCfg = Debug|Any CPU
		{4E15F80B-84CB-477B-A0D4-0A0A5F748393}.Debug|Any CPU.Build.0 = Debug|Any CPU
		{4E15F80B-84CB-477B-A0D4-0A0A5F748393}.Release|Any CPU.ActiveCfg = Release|Any CPU
		{4E15F80B-84CB-477B-A0D4-0A0A5F748393}.Release|Any CPU.Build.0 = Release|Any CPU
		{4AB6DA5E-0AA8-4AB1-BC29-E97E33D5A32A}.Debug|Any CPU.ActiveCfg = Debug|Any CPU
		{4AB6DA5E-0AA8-4AB1-BC29-E97E33D5A32A}.Debug|Any CPU.Build.0 = Debug|Any CPU
		{4AB6DA5E-0AA8-4AB1-BC29-E97E33D5A32A}.Release|Any CPU.ActiveCfg = Release|Any CPU
		{4AB6DA5E-0AA8-4AB1-BC29-E97E33D5A32A}.Release|Any CPU.Build.0 = Release|Any CPU
		{4A51A539-501D-4B16-8319-76A8F5FB2EB2}.Debug|Any CPU.ActiveCfg = Debug|Any CPU
		{4A51A539-501D-4B16-8319-76A8F5FB2EB2}.Debug|Any CPU.Build.0 = Debug|Any CPU
		{4A51A539-501D-4B16-8319-76A8F5FB2EB2}.Release|Any CPU.ActiveCfg = Release|Any CPU
		{4A51A539-501D-4B16-8319-76A8F5FB2EB2}.Release|Any CPU.Build.0 = Release|Any CPU
		{C88187C1-8300-45C4-885D-25AC044DF3DE}.Debug|Any CPU.ActiveCfg = Debug|Any CPU
		{C88187C1-8300-45C4-885D-25AC044DF3DE}.Debug|Any CPU.Build.0 = Debug|Any CPU
		{C88187C1-8300-45C4-885D-25AC044DF3DE}.Release|Any CPU.ActiveCfg = Release|Any CPU
		{C88187C1-8300-45C4-885D-25AC044DF3DE}.Release|Any CPU.Build.0 = Release|Any CPU
		{D8D68EBF-CCC2-48F7-965E-782F9DEBEB19}.Debug|Any CPU.ActiveCfg = Debug|Any CPU
		{D8D68EBF-CCC2-48F7-965E-782F9DEBEB19}.Debug|Any CPU.Build.0 = Debug|Any CPU
		{D8D68EBF-CCC2-48F7-965E-782F9DEBEB19}.Release|Any CPU.ActiveCfg = Release|Any CPU
		{D8D68EBF-CCC2-48F7-965E-782F9DEBEB19}.Release|Any CPU.Build.0 = Release|Any CPU
		{ED38B2EB-0E0D-4B40-8662-4A1B84A45C1C}.Debug|Any CPU.ActiveCfg = Debug|Any CPU
		{ED38B2EB-0E0D-4B40-8662-4A1B84A45C1C}.Debug|Any CPU.Build.0 = Debug|Any CPU
		{ED38B2EB-0E0D-4B40-8662-4A1B84A45C1C}.Release|Any CPU.ActiveCfg = Release|Any CPU
		{ED38B2EB-0E0D-4B40-8662-4A1B84A45C1C}.Release|Any CPU.Build.0 = Release|Any CPU
	EndGlobalSection
	GlobalSection(SolutionProperties) = preSolution
		HideSolutionNode = FALSE
	EndGlobalSection
	GlobalSection(ExtensibilityGlobals) = postSolution
		SolutionGuid = {D072D6E3-62B5-40ED-8B5A-2B96F6CC9D89}
	EndGlobalSection
EndGlobal
